
Microsoft Visual Studio Solution File, Format Version 12.00
# Visual Studio Version 17
VisualStudioVersion = 17.0.31903.59
MinimumVisualStudioVersion = 10.0.40219.1
Project("{2150E333-8FDC-42A3-9474-1A3956D46DE8}") = "src", "src", "{827E0CD3-B72D-47B6-A68D-7590B98EB39B}"
EndProject
Project("{FAE04EC0-301F-11D3-BF4B-00C04F79EFBC}") = "SiteYonetim.Domain", "src\SiteYonetim.Domain\SiteYonetim.Domain.csproj", "{1213E66F-E4A7-46B3-9F34-61040A9DCCF3}"
EndProject
Project("{FAE04EC0-301F-11D3-BF4B-00C04F79EFBC}") = "SiteYonetim.Infrastructure", "src\SiteYonetim.Infrastructure\SiteYonetim.Infrastructure.csproj", "{470C9401-87A2-480F-B2CA-5A2D2B2651E2}"
EndProject
Project("{FAE04EC0-301F-11D3-BF4B-00C04F79EFBC}") = "SiteYonetim.WebApi", "src\SiteYonetim.WebApi\SiteYonetim.WebApi.csproj", "{880158BA-F8D4-4CDA-9C70-9D92272C4A32}"
EndProject
Project("{FAE04EC0-301F-11D3-BF4B-00C04F79EFBC}") = "SiteYonetim.Tests", "src\SiteYonetim.Tests\SiteYonetim.Tests.csproj", "{39F5E064-32D0-49BF-87FD-428585625C19}"
EndProject
Global
	GlobalSection(SolutionConfigurationPlatforms) = preSolution
		Debug|Any CPU = Debug|Any CPU
		Debug|x64 = Debug|x64
		Debug|x86 = Debug|x86
		Release|Any CPU = Release|Any CPU
		Release|x64 = Release|x64
		Release|x86 = Release|x86
	EndGlobalSection
	GlobalSection(ProjectConfigurationPlatforms) = postSolution
		{1213E66F-E4A7-46B3-9F34-61040A9DCCF3}.Debug|Any CPU.ActiveCfg = Debug|Any CPU
		{1213E66F-E4A7-46B3-9F34-61040A9DCCF3}.Debug|Any CPU.Build.0 = Debug|Any CPU
		{1213E66F-E4A7-46B3-9F34-61040A9DCCF3}.Debug|x64.ActiveCfg = Debug|Any CPU
		{1213E66F-E4A7-46B3-9F34-61040A9DCCF3}.Debug|x64.Build.0 = Debug|Any CPU
		{1213E66F-E4A7-46B3-9F34-61040A9DCCF3}.Debug|x86.ActiveCfg = Debug|Any CPU
		{1213E66F-E4A7-46B3-9F34-61040A9DCCF3}.Debug|x86.Build.0 = Debug|Any CPU
		{1213E66F-E4A7-46B3-9F34-61040A9DCCF3}.Release|Any CPU.ActiveCfg = Release|Any CPU
		{1213E66F-E4A7-46B3-9F34-61040A9DCCF3}.Release|Any CPU.Build.0 = Release|Any CPU
		{1213E66F-E4A7-46B3-9F34-61040A9DCCF3}.Release|x64.ActiveCfg = Release|Any CPU
		{1213E66F-E4A7-46B3-9F34-61040A9DCCF3}.Release|x64.Build.0 = Release|Any CPU
		{1213E66F-E4A7-46B3-9F34-61040A9DCCF3}.Release|x86.ActiveCfg = Release|Any CPU
		{1213E66F-E4A7-46B3-9F34-61040A9DCCF3}.Release|x86.Build.0 = Release|Any CPU
		{470C9401-87A2-480F-B2CA-5A2D2B2651E2}.Debug|Any CPU.ActiveCfg = Debug|Any CPU
		{470C9401-87A2-480F-B2CA-5A2D2B2651E2}.Debug|Any CPU.Build.0 = Debug|Any CPU
		{470C9401-87A2-480F-B2CA-5A2D2B2651E2}.Debug|x64.ActiveCfg = Debug|Any CPU
		{470C9401-87A2-480F-B2CA-5A2D2B2651E2}.Debug|x64.Build.0 = Debug|Any CPU
		{470C9401-87A2-480F-B2CA-5A2D2B2651E2}.Debug|x86.ActiveCfg = Debug|Any CPU
		{470C9401-87A2-480F-B2CA-5A2D2B2651E2}.Debug|x86.Build.0 = Debug|Any CPU
		{470C9401-87A2-480F-B2CA-5A2D2B2651E2}.Release|Any CPU.ActiveCfg = Release|Any CPU
		{470C9401-87A2-480F-B2CA-5A2D2B2651E2}.Release|Any CPU.Build.0 = Release|Any CPU
		{470C9401-87A2-480F-B2CA-5A2D2B2651E2}.Release|x64.ActiveCfg = Release|Any CPU
		{470C9401-87A2-480F-B2CA-5A2D2B2651E2}.Release|x64.Build.0 = Release|Any CPU
		{470C9401-87A2-480F-B2CA-5A2D2B2651E2}.Release|x86.ActiveCfg = Release|Any CPU
		{470C9401-87A2-480F-B2CA-5A2D2B2651E2}.Release|x86.Build.0 = Release|Any CPU
		{880158BA-F8D4-4CDA-9C70-9D92272C4A32}.Debug|Any CPU.ActiveCfg = Debug|Any CPU
		{880158BA-F8D4-4CDA-9C70-9D92272C4A32}.Debug|Any CPU.Build.0 = Debug|Any CPU
		{880158BA-F8D4-4CDA-9C70-9D92272C4A32}.Debug|x64.ActiveCfg = Debug|Any CPU
		{880158BA-F8D4-4CDA-9C70-9D92272C4A32}.Debug|x64.Build.0 = Debug|Any CPU
		{880158BA-F8D4-4CDA-9C70-9D92272C4A32}.Debug|x86.ActiveCfg = Debug|Any CPU
		{880158BA-F8D4-4CDA-9C70-9D92272C4A32}.Debug|x86.Build.0 = Debug|Any CPU
		{880158BA-F8D4-4CDA-9C70-9D92272C4A32}.Release|Any CPU.ActiveCfg = Release|Any CPU
		{880158BA-F8D4-4CDA-9C70-9D92272C4A32}.Release|Any CPU.Build.0 = Release|Any CPU
		{880158BA-F8D4-4CDA-9C70-9D92272C4A32}.Release|x64.ActiveCfg = Release|Any CPU
		{880158BA-F8D4-4CDA-9C70-9D92272C4A32}.Release|x64.Build.0 = Release|Any CPU
		{880158BA-F8D4-4CDA-9C70-9D92272C4A32}.Release|x86.ActiveCfg = Release|Any CPU
		{880158BA-F8D4-4CDA-9C70-9D92272C4A32}.Release|x86.Build.0 = Release|Any CPU
		{39F5E064-32D0-49BF-87FD-428585625C19}.Debug|Any CPU.ActiveCfg = Debug|Any CPU
		{39F5E064-32D0-49BF-87FD-428585625C19}.Debug|Any CPU.Build.0 = Debug|Any CPU
		{39F5E064-32D0-49BF-87FD-428585625C19}.Debug|x64.ActiveCfg = Debug|Any CPU
		{39F5E064-32D0-49BF-87FD-428585625C19}.Debug|x64.Build.0 = Debug|Any CPU
		{39F5E064-32D0-49BF-87FD-428585625C19}.Debug|x86.ActiveCfg = Debug|Any CPU
		{39F5E064-32D0-49BF-87FD-428585625C19}.Debug|x86.Build.0 = Debug|Any CPU
		{39F5E064-32D0-49BF-87FD-428585625C19}.Release|Any CPU.ActiveCfg = Release|Any CPU
		{39F5E064-32D0-49BF-87FD-428585625C19}.Release|Any CPU.Build.0 = Release|Any CPU
		{39F5E064-32D0-49BF-87FD-428585625C19}.Release|x64.ActiveCfg = Release|Any CPU
		{39F5E064-32D0-49BF-87FD-428585625C19}.Release|x64.Build.0 = Release|Any CPU
		{39F5E064-32D0-49BF-87FD-428585625C19}.Release|x86.ActiveCfg = Release|Any CPU
		{39F5E064-32D0-49BF-87FD-428585625C19}.Release|x86.Build.0 = Release|Any CPU
	EndGlobalSection
	GlobalSection(SolutionProperties) = preSolution
		HideSolutionNode = FALSE
	EndGlobalSection
	GlobalSection(NestedProjects) = preSolution
		{1213E66F-E4A7-46B3-9F34-61040A9DCCF3} = {827E0CD3-B72D-47B6-A68D-7590B98EB39B}
		{470C9401-87A2-480F-B2CA-5A2D2B2651E2} = {827E0CD3-B72D-47B6-A68D-7590B98EB39B}
		{880158BA-F8D4-4CDA-9C70-9D92272C4A32} = {827E0CD3-B72D-47B6-A68D-7590B98EB39B}
		{39F5E064-32D0-49BF-87FD-428585625C19} = {827E0CD3-B72D-47B6-A68D-7590B98EB39B}
	EndGlobalSection
EndGlobal
